
Microsoft Visual Studio Solution File, Format Version 12.00
# Visual Studio Version 17
VisualStudioVersion = 17.3.32901.215
MinimumVisualStudioVersion = 10.0.40219.1
Project("{2150E333-8FDC-42A3-9474-1A3956D46DE8}") = "src", "src", "{84EB8C58-7D5B-4F3C-8276-BB2EC5E09403}"
EndProject
Project("{2150E333-8FDC-42A3-9474-1A3956D46DE8}") = "corePackages", "corePackages", "{17D32405-E9AE-49C4-A896-8E43B6C76D4F}"
EndProject
Project("{2150E333-8FDC-42A3-9474-1A3956D46DE8}") = "demoProjects", "demoProjects", "{A1A89080-6E2E-4B1C-ADEC-460D45E4C209}"
EndProject
Project("{FAE04EC0-301F-11D3-BF4B-00C04F79EFBC}") = "Core.Persistence", "Core.Persistence\Core.Persistence.csproj", "{FC517DE9-3F31-4F13-AFA8-2B451E233396}"
EndProject
Project("{FAE04EC0-301F-11D3-BF4B-00C04F79EFBC}") = "Core.Security", "Core.Security\Core.Security.csproj", "{43929FD3-AA28-4E5B-AFCA-C8F114177A83}"
EndProject
Project("{FAE04EC0-301F-11D3-BF4B-00C04F79EFBC}") = "Core.Mailing", "Core.Mailing\Core.Mailing.csproj", "{27D577D2-743C-4BA5-A692-73F49071A97E}"
EndProject
Project("{FAE04EC0-301F-11D3-BF4B-00C04F79EFBC}") = "Core.ElasticSearch", "Core.ElasticSearch\Core.ElasticSearch.csproj", "{B748D631-2562-4BDD-8EBF-EFB91F794800}"
EndProject
Global
	GlobalSection(SolutionConfigurationPlatforms) = preSolution
		Debug|Any CPU = Debug|Any CPU
		Release|Any CPU = Release|Any CPU
	EndGlobalSection
	GlobalSection(ProjectConfigurationPlatforms) = postSolution
		{FC517DE9-3F31-4F13-AFA8-2B451E233396}.Debug|Any CPU.ActiveCfg = Debug|Any CPU
		{FC517DE9-3F31-4F13-AFA8-2B451E233396}.Debug|Any CPU.Build.0 = Debug|Any CPU
		{FC517DE9-3F31-4F13-AFA8-2B451E233396}.Release|Any CPU.ActiveCfg = Release|Any CPU
		{FC517DE9-3F31-4F13-AFA8-2B451E233396}.Release|Any CPU.Build.0 = Release|Any CPU
		{43929FD3-AA28-4E5B-AFCA-C8F114177A83}.Debug|Any CPU.ActiveCfg = Debug|Any CPU
		{43929FD3-AA28-4E5B-AFCA-C8F114177A83}.Debug|Any CPU.Build.0 = Debug|Any CPU
		{43929FD3-AA28-4E5B-AFCA-C8F114177A83}.Release|Any CPU.ActiveCfg = Release|Any CPU
		{43929FD3-AA28-4E5B-AFCA-C8F114177A83}.Release|Any CPU.Build.0 = Release|Any CPU
		{27D577D2-743C-4BA5-A692-73F49071A97E}.Debug|Any CPU.ActiveCfg = Debug|Any CPU
		{27D577D2-743C-4BA5-A692-73F49071A97E}.Debug|Any CPU.Build.0 = Debug|Any CPU
		{27D577D2-743C-4BA5-A692-73F49071A97E}.Release|Any CPU.ActiveCfg = Release|Any CPU
		{27D577D2-743C-4BA5-A692-73F49071A97E}.Release|Any CPU.Build.0 = Release|Any CPU
		{B748D631-2562-4BDD-8EBF-EFB91F794800}.Debug|Any CPU.ActiveCfg = Debug|Any CPU
		{B748D631-2562-4BDD-8EBF-EFB91F794800}.Debug|Any CPU.Build.0 = Debug|Any CPU
		{B748D631-2562-4BDD-8EBF-EFB91F794800}.Release|Any CPU.ActiveCfg = Release|Any CPU
		{B748D631-2562-4BDD-8EBF-EFB91F794800}.Release|Any CPU.Build.0 = Release|Any CPU
	EndGlobalSection
	GlobalSection(SolutionProperties) = preSolution
		HideSolutionNode = FALSE
	EndGlobalSection
	GlobalSection(NestedProjects) = preSolution
		{17D32405-E9AE-49C4-A896-8E43B6C76D4F} = {84EB8C58-7D5B-4F3C-8276-BB2EC5E09403}
		{A1A89080-6E2E-4B1C-ADEC-460D45E4C209} = {84EB8C58-7D5B-4F3C-8276-BB2EC5E09403}
		{FC517DE9-3F31-4F13-AFA8-2B451E233396} = {17D32405-E9AE-49C4-A896-8E43B6C76D4F}
		{43929FD3-AA28-4E5B-AFCA-C8F114177A83} = {17D32405-E9AE-49C4-A896-8E43B6C76D4F}
		{27D577D2-743C-4BA5-A692-73F49071A97E} = {17D32405-E9AE-49C4-A896-8E43B6C76D4F}
		{B748D631-2562-4BDD-8EBF-EFB91F794800} = {17D32405-E9AE-49C4-A896-8E43B6C76D4F}
	EndGlobalSection
	GlobalSection(ExtensibilityGlobals) = postSolution
		SolutionGuid = {BA4D5A67-10F4-4E8F-8463-4647A420DC68}
	EndGlobalSection
EndGlobal
