
Microsoft Visual Studio Solution File, Format Version 12.00
# Visual Studio Version 17
VisualStudioVersion = 17.3.32901.215
MinimumVisualStudioVersion = 10.0.40219.1
Project("{2150E333-8FDC-42A3-9474-1A3956D46DE8}") = "src", "src", "{84EB8C58-7D5B-4F3C-8276-BB2EC5E09403}"
EndProject
Project("{2150E333-8FDC-42A3-9474-1A3956D46DE8}") = "corePackages", "corePackages", "{17D32405-E9AE-49C4-A896-8E43B6C76D4F}"
EndProject
Project("{2150E333-8FDC-42A3-9474-1A3956D46DE8}") = "demoProjects", "demoProjects", "{BF89B644-F156-4E10-AD6E-2C9828795AAE}"
EndProject
Project("{2150E333-8FDC-42A3-9474-1A3956D46DE8}") = "templateProject", "templateProject", "{867F848D-1909-473D-9DCE-11617C65E62B}"
EndProject
Project("{9A19103F-16F7-4668-BE54-9A1E7A4F7556}") = "Core.Application", "corePackages\Core.Application\Core.Application.csproj", "{34DC9478-6CD1-4E3B-870F-DADC06014498}"
EndProject
Project("{9A19103F-16F7-4668-BE54-9A1E7A4F7556}") = "Core.CrossCuttingConcern", "corePackages\Core.CrossCuttingConcern\Core.CrossCuttingConcern.csproj", "{4ED451D1-4942-43D9-9642-482F6C23018F}"
EndProject
Project("{9A19103F-16F7-4668-BE54-9A1E7A4F7556}") = "Core.ElasticSearch", "corePackages\Core.ElasticSearch\Core.ElasticSearch.csproj", "{5C854AC0-DCF2-4434-8B11-9DA475216C2D}"
EndProject
Project("{9A19103F-16F7-4668-BE54-9A1E7A4F7556}") = "Core.Mailing", "corePackages\Core.Mailing\Core.Mailing.csproj", "{84026012-21B2-445A-8360-C13DB0260757}"
EndProject
Project("{9A19103F-16F7-4668-BE54-9A1E7A4F7556}") = "Core.Persistence", "corePackages\Core.Persistence\Core.Persistence.csproj", "{DCC3943C-D143-4C34-8401-13803431B3C8}"
EndProject
Project("{9A19103F-16F7-4668-BE54-9A1E7A4F7556}") = "Core.Security", "corePackages\Core.Security\Core.Security.csproj", "{7B8A3FE5-F9C0-4E8A-9A9A-52448A94AD72}"
EndProject
Project("{9A19103F-16F7-4668-BE54-9A1E7A4F7556}") = "Entities", "demoProjects\templateProject\Entities\Entities.csproj", "{D265C8A6-480B-44F2-BFD8-F444E0C2B9BD}"
EndProject
Project("{9A19103F-16F7-4668-BE54-9A1E7A4F7556}") = "Infrastructure", "demoProjects\templateProject\Infrastructure\Infrastructure.csproj", "{144D476D-C27F-4649-95AB-6BD288DC582A}"
EndProject
Project("{9A19103F-16F7-4668-BE54-9A1E7A4F7556}") = "Persistence", "demoProjects\templateProject\Persistence\Persistence.csproj", "{B2084983-2184-43C9-88A3-E35157DC9033}"
EndProject
Project("{9A19103F-16F7-4668-BE54-9A1E7A4F7556}") = "Application", "demoProjects\templateProject\Application\Application.csproj", "{012CB5D3-9305-4AF2-9739-548EB98E6649}"
EndProject
Project("{FAE04EC0-301F-11D3-BF4B-00C04F79EFBC}") = "API", "demoProjects\templateProject\API\API.csproj", "{8F1808B4-9F73-4006-BFD9-F5EE10FC60A4}"
EndProject
Project("{2150E333-8FDC-42A3-9474-1A3956D46DE8}") = "rentACar", "rentACar", "{6292DA09-FAC7-4DB5-A46A-30726D94F073}"
EndProject
Project("{FAE04EC0-301F-11D3-BF4B-00C04F79EFBC}") = "Domain", "demoProjects\rentACar\Domain\Domain.csproj", "{4582E3F0-DE31-4C4F-B591-C012603C1432}"
EndProject
Project("{FAE04EC0-301F-11D3-BF4B-00C04F79EFBC}") = "Application", "demoProjects\rentACar\Application\Application.csproj", "{7B747240-3EF1-4023-AB3E-E51305159BB5}"
EndProject
Project("{FAE04EC0-301F-11D3-BF4B-00C04F79EFBC}") = "Persistence", "demoProjects\rentACar\Persistence\Persistence.csproj", "{AB1273C5-A555-42C1-87BF-257E59087D5B}"
EndProject
Project("{FAE04EC0-301F-11D3-BF4B-00C04F79EFBC}") = "Infrastructure", "demoProjects\rentACar\Infrastructure\Infrastructure.csproj", "{304E0443-8836-4FD5-BAD6-5C9543932493}"
EndProject
Project("{FAE04EC0-301F-11D3-BF4B-00C04F79EFBC}") = "API", "demoProjects\rentACar\API\API.csproj", "{34720264-EE0C-407A-8C9F-F988B7CBFE17}"
EndProject
Global
	GlobalSection(SolutionConfigurationPlatforms) = preSolution
		Debug|Any CPU = Debug|Any CPU
		Release|Any CPU = Release|Any CPU
	EndGlobalSection
	GlobalSection(ProjectConfigurationPlatforms) = postSolution
		{34DC9478-6CD1-4E3B-870F-DADC06014498}.Debug|Any CPU.ActiveCfg = Debug|Any CPU
		{34DC9478-6CD1-4E3B-870F-DADC06014498}.Debug|Any CPU.Build.0 = Debug|Any CPU
		{34DC9478-6CD1-4E3B-870F-DADC06014498}.Release|Any CPU.ActiveCfg = Release|Any CPU
		{34DC9478-6CD1-4E3B-870F-DADC06014498}.Release|Any CPU.Build.0 = Release|Any CPU
		{4ED451D1-4942-43D9-9642-482F6C23018F}.Debug|Any CPU.ActiveCfg = Debug|Any CPU
		{4ED451D1-4942-43D9-9642-482F6C23018F}.Debug|Any CPU.Build.0 = Debug|Any CPU
		{4ED451D1-4942-43D9-9642-482F6C23018F}.Release|Any CPU.ActiveCfg = Release|Any CPU
		{4ED451D1-4942-43D9-9642-482F6C23018F}.Release|Any CPU.Build.0 = Release|Any CPU
		{5C854AC0-DCF2-4434-8B11-9DA475216C2D}.Debug|Any CPU.ActiveCfg = Debug|Any CPU
		{5C854AC0-DCF2-4434-8B11-9DA475216C2D}.Debug|Any CPU.Build.0 = Debug|Any CPU
		{5C854AC0-DCF2-4434-8B11-9DA475216C2D}.Release|Any CPU.ActiveCfg = Release|Any CPU
		{5C854AC0-DCF2-4434-8B11-9DA475216C2D}.Release|Any CPU.Build.0 = Release|Any CPU
		{84026012-21B2-445A-8360-C13DB0260757}.Debug|Any CPU.ActiveCfg = Debug|Any CPU
		{84026012-21B2-445A-8360-C13DB0260757}.Debug|Any CPU.Build.0 = Debug|Any CPU
		{84026012-21B2-445A-8360-C13DB0260757}.Release|Any CPU.ActiveCfg = Release|Any CPU
		{84026012-21B2-445A-8360-C13DB0260757}.Release|Any CPU.Build.0 = Release|Any CPU
		{DCC3943C-D143-4C34-8401-13803431B3C8}.Debug|Any CPU.ActiveCfg = Debug|Any CPU
		{DCC3943C-D143-4C34-8401-13803431B3C8}.Debug|Any CPU.Build.0 = Debug|Any CPU
		{DCC3943C-D143-4C34-8401-13803431B3C8}.Release|Any CPU.ActiveCfg = Release|Any CPU
		{DCC3943C-D143-4C34-8401-13803431B3C8}.Release|Any CPU.Build.0 = Release|Any CPU
		{7B8A3FE5-F9C0-4E8A-9A9A-52448A94AD72}.Debug|Any CPU.ActiveCfg = Debug|Any CPU
		{7B8A3FE5-F9C0-4E8A-9A9A-52448A94AD72}.Debug|Any CPU.Build.0 = Debug|Any CPU
		{7B8A3FE5-F9C0-4E8A-9A9A-52448A94AD72}.Release|Any CPU.ActiveCfg = Release|Any CPU
		{7B8A3FE5-F9C0-4E8A-9A9A-52448A94AD72}.Release|Any CPU.Build.0 = Release|Any CPU
		{D265C8A6-480B-44F2-BFD8-F444E0C2B9BD}.Debug|Any CPU.ActiveCfg = Debug|Any CPU
		{D265C8A6-480B-44F2-BFD8-F444E0C2B9BD}.Debug|Any CPU.Build.0 = Debug|Any CPU
		{D265C8A6-480B-44F2-BFD8-F444E0C2B9BD}.Release|Any CPU.ActiveCfg = Release|Any CPU
		{D265C8A6-480B-44F2-BFD8-F444E0C2B9BD}.Release|Any CPU.Build.0 = Release|Any CPU
		{144D476D-C27F-4649-95AB-6BD288DC582A}.Debug|Any CPU.ActiveCfg = Debug|Any CPU
		{144D476D-C27F-4649-95AB-6BD288DC582A}.Debug|Any CPU.Build.0 = Debug|Any CPU
		{144D476D-C27F-4649-95AB-6BD288DC582A}.Release|Any CPU.ActiveCfg = Release|Any CPU
		{144D476D-C27F-4649-95AB-6BD288DC582A}.Release|Any CPU.Build.0 = Release|Any CPU
		{B2084983-2184-43C9-88A3-E35157DC9033}.Debug|Any CPU.ActiveCfg = Debug|Any CPU
		{B2084983-2184-43C9-88A3-E35157DC9033}.Debug|Any CPU.Build.0 = Debug|Any CPU
		{B2084983-2184-43C9-88A3-E35157DC9033}.Release|Any CPU.ActiveCfg = Release|Any CPU
		{B2084983-2184-43C9-88A3-E35157DC9033}.Release|Any CPU.Build.0 = Release|Any CPU
		{012CB5D3-9305-4AF2-9739-548EB98E6649}.Debug|Any CPU.ActiveCfg = Debug|Any CPU
		{012CB5D3-9305-4AF2-9739-548EB98E6649}.Debug|Any CPU.Build.0 = Debug|Any CPU
		{012CB5D3-9305-4AF2-9739-548EB98E6649}.Release|Any CPU.ActiveCfg = Release|Any CPU
		{012CB5D3-9305-4AF2-9739-548EB98E6649}.Release|Any CPU.Build.0 = Release|Any CPU
		{8F1808B4-9F73-4006-BFD9-F5EE10FC60A4}.Debug|Any CPU.ActiveCfg = Debug|Any CPU
		{8F1808B4-9F73-4006-BFD9-F5EE10FC60A4}.Debug|Any CPU.Build.0 = Debug|Any CPU
		{8F1808B4-9F73-4006-BFD9-F5EE10FC60A4}.Release|Any CPU.ActiveCfg = Release|Any CPU
		{8F1808B4-9F73-4006-BFD9-F5EE10FC60A4}.Release|Any CPU.Build.0 = Release|Any CPU
		{4582E3F0-DE31-4C4F-B591-C012603C1432}.Debug|Any CPU.ActiveCfg = Debug|Any CPU
		{4582E3F0-DE31-4C4F-B591-C012603C1432}.Debug|Any CPU.Build.0 = Debug|Any CPU
		{4582E3F0-DE31-4C4F-B591-C012603C1432}.Release|Any CPU.ActiveCfg = Release|Any CPU
		{4582E3F0-DE31-4C4F-B591-C012603C1432}.Release|Any CPU.Build.0 = Release|Any CPU
		{7B747240-3EF1-4023-AB3E-E51305159BB5}.Debug|Any CPU.ActiveCfg = Debug|Any CPU
		{7B747240-3EF1-4023-AB3E-E51305159BB5}.Debug|Any CPU.Build.0 = Debug|Any CPU
		{7B747240-3EF1-4023-AB3E-E51305159BB5}.Release|Any CPU.ActiveCfg = Release|Any CPU
		{7B747240-3EF1-4023-AB3E-E51305159BB5}.Release|Any CPU.Build.0 = Release|Any CPU
		{AB1273C5-A555-42C1-87BF-257E59087D5B}.Debug|Any CPU.ActiveCfg = Debug|Any CPU
		{AB1273C5-A555-42C1-87BF-257E59087D5B}.Debug|Any CPU.Build.0 = Debug|Any CPU
		{AB1273C5-A555-42C1-87BF-257E59087D5B}.Release|Any CPU.ActiveCfg = Release|Any CPU
		{AB1273C5-A555-42C1-87BF-257E59087D5B}.Release|Any CPU.Build.0 = Release|Any CPU
		{304E0443-8836-4FD5-BAD6-5C9543932493}.Debug|Any CPU.ActiveCfg = Debug|Any CPU
		{304E0443-8836-4FD5-BAD6-5C9543932493}.Debug|Any CPU.Build.0 = Debug|Any CPU
		{304E0443-8836-4FD5-BAD6-5C9543932493}.Release|Any CPU.ActiveCfg = Release|Any CPU
		{304E0443-8836-4FD5-BAD6-5C9543932493}.Release|Any CPU.Build.0 = Release|Any CPU
		{34720264-EE0C-407A-8C9F-F988B7CBFE17}.Debug|Any CPU.ActiveCfg = Debug|Any CPU
		{34720264-EE0C-407A-8C9F-F988B7CBFE17}.Debug|Any CPU.Build.0 = Debug|Any CPU
		{34720264-EE0C-407A-8C9F-F988B7CBFE17}.Release|Any CPU.ActiveCfg = Release|Any CPU
		{34720264-EE0C-407A-8C9F-F988B7CBFE17}.Release|Any CPU.Build.0 = Release|Any CPU
	EndGlobalSection
	GlobalSection(SolutionProperties) = preSolution
		HideSolutionNode = FALSE
	EndGlobalSection
	GlobalSection(NestedProjects) = preSolution
		{17D32405-E9AE-49C4-A896-8E43B6C76D4F} = {84EB8C58-7D5B-4F3C-8276-BB2EC5E09403}
		{BF89B644-F156-4E10-AD6E-2C9828795AAE} = {84EB8C58-7D5B-4F3C-8276-BB2EC5E09403}
		{867F848D-1909-473D-9DCE-11617C65E62B} = {BF89B644-F156-4E10-AD6E-2C9828795AAE}
		{34DC9478-6CD1-4E3B-870F-DADC06014498} = {17D32405-E9AE-49C4-A896-8E43B6C76D4F}
		{4ED451D1-4942-43D9-9642-482F6C23018F} = {17D32405-E9AE-49C4-A896-8E43B6C76D4F}
		{5C854AC0-DCF2-4434-8B11-9DA475216C2D} = {17D32405-E9AE-49C4-A896-8E43B6C76D4F}
		{84026012-21B2-445A-8360-C13DB0260757} = {17D32405-E9AE-49C4-A896-8E43B6C76D4F}
		{DCC3943C-D143-4C34-8401-13803431B3C8} = {17D32405-E9AE-49C4-A896-8E43B6C76D4F}
		{7B8A3FE5-F9C0-4E8A-9A9A-52448A94AD72} = {17D32405-E9AE-49C4-A896-8E43B6C76D4F}
		{D265C8A6-480B-44F2-BFD8-F444E0C2B9BD} = {867F848D-1909-473D-9DCE-11617C65E62B}
		{144D476D-C27F-4649-95AB-6BD288DC582A} = {867F848D-1909-473D-9DCE-11617C65E62B}
		{B2084983-2184-43C9-88A3-E35157DC9033} = {867F848D-1909-473D-9DCE-11617C65E62B}
		{012CB5D3-9305-4AF2-9739-548EB98E6649} = {867F848D-1909-473D-9DCE-11617C65E62B}
		{8F1808B4-9F73-4006-BFD9-F5EE10FC60A4} = {867F848D-1909-473D-9DCE-11617C65E62B}
		{6292DA09-FAC7-4DB5-A46A-30726D94F073} = {BF89B644-F156-4E10-AD6E-2C9828795AAE}
		{4582E3F0-DE31-4C4F-B591-C012603C1432} = {6292DA09-FAC7-4DB5-A46A-30726D94F073}
		{7B747240-3EF1-4023-AB3E-E51305159BB5} = {6292DA09-FAC7-4DB5-A46A-30726D94F073}
		{AB1273C5-A555-42C1-87BF-257E59087D5B} = {6292DA09-FAC7-4DB5-A46A-30726D94F073}
		{304E0443-8836-4FD5-BAD6-5C9543932493} = {6292DA09-FAC7-4DB5-A46A-30726D94F073}
		{34720264-EE0C-407A-8C9F-F988B7CBFE17} = {6292DA09-FAC7-4DB5-A46A-30726D94F073}
	EndGlobalSection
	GlobalSection(ExtensibilityGlobals) = postSolution
		SolutionGuid = {BA4D5A67-10F4-4E8F-8463-4647A420DC68}
	EndGlobalSection
EndGlobal
