
Microsoft Visual Studio Solution File, Format Version 12.00
# Visual Studio Version 17
VisualStudioVersion = 17.3.32901.215
MinimumVisualStudioVersion = 10.0.40219.1
Project("{2150E333-8FDC-42A3-9474-1A3956D46DE8}") = "src", "src", "{84EB8C58-7D5B-4F3C-8276-BB2EC5E09403}"
EndProject
Project("{2150E333-8FDC-42A3-9474-1A3956D46DE8}") = "corePackages", "corePackages", "{17D32405-E9AE-49C4-A896-8E43B6C76D4F}"
EndProject
Project("{2150E333-8FDC-42A3-9474-1A3956D46DE8}") = "demoProjects", "demoProjects", "{BF89B644-F156-4E10-AD6E-2C9828795AAE}"
EndProject
Project("{2150E333-8FDC-42A3-9474-1A3956D46DE8}") = "templateProject", "templateProject", "{867F848D-1909-473D-9DCE-11617C65E62B}"
EndProject
Project("{2150E333-8FDC-42A3-9474-1A3956D46DE8}") = "demo", "demo", "{E78A68F7-4ACA-4E99-82CA-3B2A2FCF5139}"
EndProject
Project("{FAE04EC0-301F-11D3-BF4B-00C04F79EFBC}") = "Entities", "demoProjects\demo\Entities\Entities.csproj", "{54C39EC1-D6D6-4D23-BEDE-D41CF5F4243D}"
EndProject
Project("{FAE04EC0-301F-11D3-BF4B-00C04F79EFBC}") = "Infrastructure", "demoProjects\demo\Infrastructure\Infrastructure.csproj", "{8B013BF9-1073-4E4B-A801-706EAAE33E2B}"
EndProject
Project("{FAE04EC0-301F-11D3-BF4B-00C04F79EFBC}") = "Persistence", "demoProjects\demo\Persistence\Persistence.csproj", "{152A5587-1D74-4C7B-80EC-57D6ECC900A6}"
EndProject
Project("{FAE04EC0-301F-11D3-BF4B-00C04F79EFBC}") = "Application", "demoProjects\demo\Application\Application.csproj", "{764DDF89-D355-4562-80BD-A9242241D6E1}"
EndProject
Project("{9A19103F-16F7-4668-BE54-9A1E7A4F7556}") = "Core.Application", "corePackages\Core.Application\Core.Application.csproj", "{34DC9478-6CD1-4E3B-870F-DADC06014498}"
EndProject
Project("{9A19103F-16F7-4668-BE54-9A1E7A4F7556}") = "Core.CrossCuttingConcern", "corePackages\Core.CrossCuttingConcern\Core.CrossCuttingConcern.csproj", "{4ED451D1-4942-43D9-9642-482F6C23018F}"
EndProject
Project("{9A19103F-16F7-4668-BE54-9A1E7A4F7556}") = "Core.ElasticSearch", "corePackages\Core.ElasticSearch\Core.ElasticSearch.csproj", "{5C854AC0-DCF2-4434-8B11-9DA475216C2D}"
EndProject
Project("{9A19103F-16F7-4668-BE54-9A1E7A4F7556}") = "Core.Mailing", "corePackages\Core.Mailing\Core.Mailing.csproj", "{84026012-21B2-445A-8360-C13DB0260757}"
EndProject
Project("{9A19103F-16F7-4668-BE54-9A1E7A4F7556}") = "Core.Persistence", "corePackages\Core.Persistence\Core.Persistence.csproj", "{DCC3943C-D143-4C34-8401-13803431B3C8}"
EndProject
Project("{9A19103F-16F7-4668-BE54-9A1E7A4F7556}") = "Core.Security", "corePackages\Core.Security\Core.Security.csproj", "{7B8A3FE5-F9C0-4E8A-9A9A-52448A94AD72}"
EndProject
Global
	GlobalSection(SolutionConfigurationPlatforms) = preSolution
		Debug|Any CPU = Debug|Any CPU
		Release|Any CPU = Release|Any CPU
	EndGlobalSection
	GlobalSection(ProjectConfigurationPlatforms) = postSolution
		{54C39EC1-D6D6-4D23-BEDE-D41CF5F4243D}.Debug|Any CPU.ActiveCfg = Debug|Any CPU
		{54C39EC1-D6D6-4D23-BEDE-D41CF5F4243D}.Debug|Any CPU.Build.0 = Debug|Any CPU
		{54C39EC1-D6D6-4D23-BEDE-D41CF5F4243D}.Release|Any CPU.ActiveCfg = Release|Any CPU
		{54C39EC1-D6D6-4D23-BEDE-D41CF5F4243D}.Release|Any CPU.Build.0 = Release|Any CPU
		{8B013BF9-1073-4E4B-A801-706EAAE33E2B}.Debug|Any CPU.ActiveCfg = Debug|Any CPU
		{8B013BF9-1073-4E4B-A801-706EAAE33E2B}.Debug|Any CPU.Build.0 = Debug|Any CPU
		{8B013BF9-1073-4E4B-A801-706EAAE33E2B}.Release|Any CPU.ActiveCfg = Release|Any CPU
		{8B013BF9-1073-4E4B-A801-706EAAE33E2B}.Release|Any CPU.Build.0 = Release|Any CPU
		{152A5587-1D74-4C7B-80EC-57D6ECC900A6}.Debug|Any CPU.ActiveCfg = Debug|Any CPU
		{152A5587-1D74-4C7B-80EC-57D6ECC900A6}.Debug|Any CPU.Build.0 = Debug|Any CPU
		{152A5587-1D74-4C7B-80EC-57D6ECC900A6}.Release|Any CPU.ActiveCfg = Release|Any CPU
		{152A5587-1D74-4C7B-80EC-57D6ECC900A6}.Release|Any CPU.Build.0 = Release|Any CPU
		{764DDF89-D355-4562-80BD-A9242241D6E1}.Debug|Any CPU.ActiveCfg = Debug|Any CPU
		{764DDF89-D355-4562-80BD-A9242241D6E1}.Debug|Any CPU.Build.0 = Debug|Any CPU
		{764DDF89-D355-4562-80BD-A9242241D6E1}.Release|Any CPU.ActiveCfg = Release|Any CPU
		{764DDF89-D355-4562-80BD-A9242241D6E1}.Release|Any CPU.Build.0 = Release|Any CPU
		{34DC9478-6CD1-4E3B-870F-DADC06014498}.Debug|Any CPU.ActiveCfg = Debug|Any CPU
		{34DC9478-6CD1-4E3B-870F-DADC06014498}.Debug|Any CPU.Build.0 = Debug|Any CPU
		{34DC9478-6CD1-4E3B-870F-DADC06014498}.Release|Any CPU.ActiveCfg = Release|Any CPU
		{34DC9478-6CD1-4E3B-870F-DADC06014498}.Release|Any CPU.Build.0 = Release|Any CPU
		{4ED451D1-4942-43D9-9642-482F6C23018F}.Debug|Any CPU.ActiveCfg = Debug|Any CPU
		{4ED451D1-4942-43D9-9642-482F6C23018F}.Debug|Any CPU.Build.0 = Debug|Any CPU
		{4ED451D1-4942-43D9-9642-482F6C23018F}.Release|Any CPU.ActiveCfg = Release|Any CPU
		{4ED451D1-4942-43D9-9642-482F6C23018F}.Release|Any CPU.Build.0 = Release|Any CPU
		{5C854AC0-DCF2-4434-8B11-9DA475216C2D}.Debug|Any CPU.ActiveCfg = Debug|Any CPU
		{5C854AC0-DCF2-4434-8B11-9DA475216C2D}.Debug|Any CPU.Build.0 = Debug|Any CPU
		{5C854AC0-DCF2-4434-8B11-9DA475216C2D}.Release|Any CPU.ActiveCfg = Release|Any CPU
		{5C854AC0-DCF2-4434-8B11-9DA475216C2D}.Release|Any CPU.Build.0 = Release|Any CPU
		{84026012-21B2-445A-8360-C13DB0260757}.Debug|Any CPU.ActiveCfg = Debug|Any CPU
		{84026012-21B2-445A-8360-C13DB0260757}.Debug|Any CPU.Build.0 = Debug|Any CPU
		{84026012-21B2-445A-8360-C13DB0260757}.Release|Any CPU.ActiveCfg = Release|Any CPU
		{84026012-21B2-445A-8360-C13DB0260757}.Release|Any CPU.Build.0 = Release|Any CPU
		{DCC3943C-D143-4C34-8401-13803431B3C8}.Debug|Any CPU.ActiveCfg = Debug|Any CPU
		{DCC3943C-D143-4C34-8401-13803431B3C8}.Debug|Any CPU.Build.0 = Debug|Any CPU
		{DCC3943C-D143-4C34-8401-13803431B3C8}.Release|Any CPU.ActiveCfg = Release|Any CPU
		{DCC3943C-D143-4C34-8401-13803431B3C8}.Release|Any CPU.Build.0 = Release|Any CPU
		{7B8A3FE5-F9C0-4E8A-9A9A-52448A94AD72}.Debug|Any CPU.ActiveCfg = Debug|Any CPU
		{7B8A3FE5-F9C0-4E8A-9A9A-52448A94AD72}.Debug|Any CPU.Build.0 = Debug|Any CPU
		{7B8A3FE5-F9C0-4E8A-9A9A-52448A94AD72}.Release|Any CPU.ActiveCfg = Release|Any CPU
		{7B8A3FE5-F9C0-4E8A-9A9A-52448A94AD72}.Release|Any CPU.Build.0 = Release|Any CPU
	EndGlobalSection
	GlobalSection(SolutionProperties) = preSolution
		HideSolutionNode = FALSE
	EndGlobalSection
	GlobalSection(NestedProjects) = preSolution
		{17D32405-E9AE-49C4-A896-8E43B6C76D4F} = {84EB8C58-7D5B-4F3C-8276-BB2EC5E09403}
		{BF89B644-F156-4E10-AD6E-2C9828795AAE} = {84EB8C58-7D5B-4F3C-8276-BB2EC5E09403}
		{867F848D-1909-473D-9DCE-11617C65E62B} = {BF89B644-F156-4E10-AD6E-2C9828795AAE}
		{E78A68F7-4ACA-4E99-82CA-3B2A2FCF5139} = {867F848D-1909-473D-9DCE-11617C65E62B}
		{54C39EC1-D6D6-4D23-BEDE-D41CF5F4243D} = {E78A68F7-4ACA-4E99-82CA-3B2A2FCF5139}
		{8B013BF9-1073-4E4B-A801-706EAAE33E2B} = {E78A68F7-4ACA-4E99-82CA-3B2A2FCF5139}
		{152A5587-1D74-4C7B-80EC-57D6ECC900A6} = {E78A68F7-4ACA-4E99-82CA-3B2A2FCF5139}
		{764DDF89-D355-4562-80BD-A9242241D6E1} = {E78A68F7-4ACA-4E99-82CA-3B2A2FCF5139}
		{34DC9478-6CD1-4E3B-870F-DADC06014498} = {17D32405-E9AE-49C4-A896-8E43B6C76D4F}
		{4ED451D1-4942-43D9-9642-482F6C23018F} = {17D32405-E9AE-49C4-A896-8E43B6C76D4F}
		{5C854AC0-DCF2-4434-8B11-9DA475216C2D} = {17D32405-E9AE-49C4-A896-8E43B6C76D4F}
		{84026012-21B2-445A-8360-C13DB0260757} = {17D32405-E9AE-49C4-A896-8E43B6C76D4F}
		{DCC3943C-D143-4C34-8401-13803431B3C8} = {17D32405-E9AE-49C4-A896-8E43B6C76D4F}
		{7B8A3FE5-F9C0-4E8A-9A9A-52448A94AD72} = {17D32405-E9AE-49C4-A896-8E43B6C76D4F}
	EndGlobalSection
	GlobalSection(ExtensibilityGlobals) = postSolution
		SolutionGuid = {BA4D5A67-10F4-4E8F-8463-4647A420DC68}
	EndGlobalSection
EndGlobal
